
Microsoft Visual Studio Solution File, Format Version 12.00
# Visual Studio Version 17
VisualStudioVersion = 17.4.33122.133
MinimumVisualStudioVersion = 10.0.40219.1
Project("{9A19103F-16F7-4668-BE54-9A1E7A4F7556}") = "ShareAcc", "ShareAcc.csproj", "{EB4CB126-22F0-422F-90BF-217EBA29AB0A}"
EndProject
Global
	GlobalSection(SolutionConfigurationPlatforms) = preSolution
		Debug|Any CPU = Debug|Any CPU
		Release|Any CPU = Release|Any CPU
	EndGlobalSection
	GlobalSection(ProjectConfigurationPlatforms) = postSolution
		{EB4CB126-22F0-422F-90BF-217EBA29AB0A}.Debug|Any CPU.ActiveCfg = Debug|Any CPU
		{EB4CB126-22F0-422F-90BF-217EBA29AB0A}.Debug|Any CPU.Build.0 = Debug|Any CPU
		{EB4CB126-22F0-422F-90BF-217EBA29AB0A}.Release|Any CPU.ActiveCfg = Release|Any CPU
		{EB4CB126-22F0-422F-90BF-217EBA29AB0A}.Release|Any CPU.Build.0 = Release|Any CPU
	EndGlobalSection
	GlobalSection(SolutionProperties) = preSolution
		HideSolutionNode = FALSE
	EndGlobalSection
	GlobalSection(ExtensibilityGlobals) = postSolution
		SolutionGuid = {B29B1DD4-EF5D-4AF9-BA2E-F432C21E5863}
	EndGlobalSection
EndGlobal
